
Microsoft Visual Studio Solution File, Format Version 12.00
# Visual Studio Version 17
VisualStudioVersion = 17.9.34723.18
MinimumVisualStudioVersion = 10.0.40219.1
Project("{9A19103F-16F7-4668-BE54-9A1E7A4F7556}") = "Formularios", "Formularios\Formularios.csproj", "{8795E86D-FF3C-467E-87F2-FB059CEB4588}"
EndProject
Global
	GlobalSection(SolutionConfigurationPlatforms) = preSolution
		Debug|Any CPU = Debug|Any CPU
		Release|Any CPU = Release|Any CPU
	EndGlobalSection
	GlobalSection(ProjectConfigurationPlatforms) = postSolution
		{8795E86D-FF3C-467E-87F2-FB059CEB4588}.Debug|Any CPU.ActiveCfg = Debug|Any CPU
		{8795E86D-FF3C-467E-87F2-FB059CEB4588}.Debug|Any CPU.Build.0 = Debug|Any CPU
		{8795E86D-FF3C-467E-87F2-FB059CEB4588}.Release|Any CPU.ActiveCfg = Release|Any CPU
		{8795E86D-FF3C-467E-87F2-FB059CEB4588}.Release|Any CPU.Build.0 = Release|Any CPU
	EndGlobalSection
	GlobalSection(SolutionProperties) = preSolution
		HideSolutionNode = FALSE
	EndGlobalSection
	GlobalSection(ExtensibilityGlobals) = postSolution
		SolutionGuid = {6B1A2EB4-AC58-4B80-967B-C52DFBB85D16}
	EndGlobalSection
EndGlobal
